// !$*UTF8*$!
{
	archiveVersion = 1;
	classes = {
	};
	objectVersion = 55;
	objects = {

/* Begin PBXBuildFile section */
		2C067505279DBDD90027BC55 /* AppDelegate.swift in Sources */ = {isa = PBXBuildFile; fileRef = 2C067504279DBDD90027BC55 /* AppDelegate.swift */; };
		2C067507279DBDD90027BC55 /* GameScene.sks in Resources */ = {isa = PBXBuildFile; fileRef = 2C067506279DBDD90027BC55 /* GameScene.sks */; };
		2C067509279DBDD90027BC55 /* Actions.sks in Resources */ = {isa = PBXBuildFile; fileRef = 2C067508279DBDD90027BC55 /* Actions.sks */; };
		2C06750B279DBDD90027BC55 /* GameScene.swift in Sources */ = {isa = PBXBuildFile; fileRef = 2C06750A279DBDD90027BC55 /* GameScene.swift */; };
		2C06750D279DBDD90027BC55 /* GameViewController.swift in Sources */ = {isa = PBXBuildFile; fileRef = 2C06750C279DBDD90027BC55 /* GameViewController.swift */; };
		2C067510279DBDD90027BC55 /* Main.storyboard in Resources */ = {isa = PBXBuildFile; fileRef = 2C06750E279DBDD90027BC55 /* Main.storyboard */; };
		2C067512279DBDDB0027BC55 /* Assets.xcassets in Resources */ = {isa = PBXBuildFile; fileRef = 2C067511279DBDDB0027BC55 /* Assets.xcassets */; };
		2C067515279DBDDB0027BC55 /* LaunchScreen.storyboard in Resources */ = {isa = PBXBuildFile; fileRef = 2C067513279DBDDB0027BC55 /* LaunchScreen.storyboard */; };
		2C067539279DBE720027BC55 /* GameObject.swift in Sources */ = {isa = PBXBuildFile; fileRef = 2C067538279DBE720027BC55 /* GameObject.swift */; };
		2C06753B279DBED10027BC55 /* GameProtocol.swift in Sources */ = {isa = PBXBuildFile; fileRef = 2C06753A279DBED10027BC55 /* GameProtocol.swift */; };
		2C3A5B5B27AE873E00E1FC4B /* Island.swift in Sources */ = {isa = PBXBuildFile; fileRef = 2C3A5B5A27AE873E00E1FC4B /* Island.swift */; };
		2C3A5B5D27AE8ECF00E1FC4B /* Cloud.swift in Sources */ = {isa = PBXBuildFile; fileRef = 2C3A5B5C27AE8ECF00E1FC4B /* Cloud.swift */; };
		2C3A5B6027AE98FB00E1FC4B /* CollisionManager.swift in Sources */ = {isa = PBXBuildFile; fileRef = 2C3A5B5F27AE98FB00E1FC4B /* CollisionManager.swift */; };
		2C3A5B6227AE9EC900E1FC4B /* engine.mp3 in Resources */ = {isa = PBXBuildFile; fileRef = 2C3A5B6127AE9EC900E1FC4B /* engine.mp3 */; };
		2C3A5B6427AE9F2D00E1FC4B /* yay.mp3 in Resources */ = {isa = PBXBuildFile; fileRef = 2C3A5B6327AE9F2D00E1FC4B /* yay.mp3 */; };
		2C3A5B6627AE9F3300E1FC4B /* thunder.mp3 in Resources */ = {isa = PBXBuildFile; fileRef = 2C3A5B6527AE9F3300E1FC4B /* thunder.mp3 */; };
		2C9F9743279E603E007F0A5A /* Plane.swift in Sources */ = {isa = PBXBuildFile; fileRef = 2C9F9742279E603E007F0A5A /* Plane.swift */; };
		2C9F9745279E614E007F0A5A /* Ocean.swift in Sources */ = {isa = PBXBuildFile; fileRef = 2C9F9744279E614E007F0A5A /* Ocean.swift */; };
/* End PBXBuildFile section */

/* Begin PBXContainerItemProxy section */
		2C06751B279DBDDB0027BC55 /* PBXContainerItemProxy */ = {
			isa = PBXContainerItemProxy;
			containerPortal = 2C0674F9279DBDD80027BC55 /* Project object */;
			proxyType = 1;
			remoteGlobalIDString = 2C067500279DBDD90027BC55;
			remoteInfo = "MAPD724-W2022-ICE1-Keshav-Dulal";
		};
		2C067525279DBDDB0027BC55 /* PBXContainerItemProxy */ = {
			isa = PBXContainerItemProxy;
			containerPortal = 2C0674F9279DBDD80027BC55 /* Project object */;
			proxyType = 1;
			remoteGlobalIDString = 2C067500279DBDD90027BC55;
			remoteInfo = "MAPD724-W2022-ICE1-Keshav-Dulal";
		};
/* End PBXContainerItemProxy section */

/* Begin PBXFileReference section */
		2C067501279DBDD90027BC55 /* MAPD724-W2022-ICE3-Keshav-Dulal.app */ = {isa = PBXFileReference; explicitFileType = wrapper.application; includeInIndex = 0; path = "MAPD724-W2022-ICE3-Keshav-Dulal.app"; sourceTree = BUILT_PRODUCTS_DIR; };
		2C067504279DBDD90027BC55 /* AppDelegate.swift */ = {isa = PBXFileReference; lastKnownFileType = sourcecode.swift; path = AppDelegate.swift; sourceTree = "<group>"; };
		2C067506279DBDD90027BC55 /* GameScene.sks */ = {isa = PBXFileReference; lastKnownFileType = file.sks; path = GameScene.sks; sourceTree = "<group>"; };
		2C067508279DBDD90027BC55 /* Actions.sks */ = {isa = PBXFileReference; lastKnownFileType = file.sks; path = Actions.sks; sourceTree = "<group>"; };
		2C06750A279DBDD90027BC55 /* GameScene.swift */ = {isa = PBXFileReference; lastKnownFileType = sourcecode.swift; path = GameScene.swift; sourceTree = "<group>"; };
		2C06750C279DBDD90027BC55 /* GameViewController.swift */ = {isa = PBXFileReference; lastKnownFileType = sourcecode.swift; path = GameViewController.swift; sourceTree = "<group>"; };
		2C06750F279DBDD90027BC55 /* Base */ = {isa = PBXFileReference; lastKnownFileType = file.storyboard; name = Base; path = Base.lproj/Main.storyboard; sourceTree = "<group>"; };
		2C067511279DBDDB0027BC55 /* Assets.xcassets */ = {isa = PBXFileReference; lastKnownFileType = folder.assetcatalog; path = Assets.xcassets; sourceTree = "<group>"; };
		2C067514279DBDDB0027BC55 /* Base */ = {isa = PBXFileReference; lastKnownFileType = file.storyboard; name = Base; path = Base.lproj/LaunchScreen.storyboard; sourceTree = "<group>"; };
		2C06751A279DBDDB0027BC55 /* MAPD724-W2022-ICE3-Keshav-DulalTests.xctest */ = {isa = PBXFileReference; explicitFileType = wrapper.cfbundle; includeInIndex = 0; path = "MAPD724-W2022-ICE3-Keshav-DulalTests.xctest"; sourceTree = BUILT_PRODUCTS_DIR; };
		2C067524279DBDDB0027BC55 /* MAPD724-W2022-ICE3-Keshav-DulalUITests.xctest */ = {isa = PBXFileReference; explicitFileType = wrapper.cfbundle; includeInIndex = 0; path = "MAPD724-W2022-ICE3-Keshav-DulalUITests.xctest"; sourceTree = BUILT_PRODUCTS_DIR; };
		2C067538279DBE720027BC55 /* GameObject.swift */ = {isa = PBXFileReference; lastKnownFileType = sourcecode.swift; path = GameObject.swift; sourceTree = "<group>"; };
		2C06753A279DBED10027BC55 /* GameProtocol.swift */ = {isa = PBXFileReference; lastKnownFileType = sourcecode.swift; path = GameProtocol.swift; sourceTree = "<group>"; };
		2C3A5B5A27AE873E00E1FC4B /* Island.swift */ = {isa = PBXFileReference; lastKnownFileType = sourcecode.swift; path = Island.swift; sourceTree = "<group>"; };
		2C3A5B5C27AE8ECF00E1FC4B /* Cloud.swift */ = {isa = PBXFileReference; lastKnownFileType = sourcecode.swift; path = Cloud.swift; sourceTree = "<group>"; };
		2C3A5B5F27AE98FB00E1FC4B /* CollisionManager.swift */ = {isa = PBXFileReference; lastKnownFileType = sourcecode.swift; path = CollisionManager.swift; sourceTree = "<group>"; };
		2C3A5B6127AE9EC900E1FC4B /* engine.mp3 */ = {isa = PBXFileReference; lastKnownFileType = audio.mp3; path = engine.mp3; sourceTree = "<group>"; };
		2C3A5B6327AE9F2D00E1FC4B /* yay.mp3 */ = {isa = PBXFileReference; lastKnownFileType = audio.mp3; path = yay.mp3; sourceTree = "<group>"; };
		2C3A5B6527AE9F3300E1FC4B /* thunder.mp3 */ = {isa = PBXFileReference; lastKnownFileType = audio.mp3; path = thunder.mp3; sourceTree = "<group>"; };
		2C9F96C9279E59B3007F0A5A /* bullet.png */ = {isa = PBXFileReference; lastKnownFileType = image.png; path = bullet.png; sourceTree = "<group>"; };
		2C9F96CA279E59B3007F0A5A /* plane3.png */ = {isa = PBXFileReference; lastKnownFileType = image.png; path = plane3.png; sourceTree = "<group>"; };
		2C9F96CB279E59B3007F0A5A /* plane2.png */ = {isa = PBXFileReference; lastKnownFileType = image.png; path = plane2.png; sourceTree = "<group>"; };
		2C9F96CC279E59B3007F0A5A /* plane1.png */ = {isa = PBXFileReference; lastKnownFileType = image.png; path = plane1.png; sourceTree = "<group>"; };
		2C9F96CD279E59B3007F0A5A /* backButton.png */ = {isa = PBXFileReference; lastKnownFileType = image.png; path = backButton.png; sourceTree = "<group>"; };
		2C9F96CE279E59B3007F0A5A /* plane.png */ = {isa = PBXFileReference; lastKnownFileType = image.png; path = plane.png; sourceTree = "<group>"; };
		2C9F96CF279E59B3007F0A5A /* island.png */ = {isa = PBXFileReference; lastKnownFileType = image.png; path = island.png; sourceTree = "<group>"; };
		2C9F96D0279E59B3007F0A5A /* planeflash2.png */ = {isa = PBXFileReference; lastKnownFileType = image.png; path = planeflash2.png; sourceTree = "<group>"; };
		2C9F96D1279E59B3007F0A5A /* clickMeButton.png */ = {isa = PBXFileReference; lastKnownFileType = image.png; path = clickMeButton.png; sourceTree = "<group>"; };
		2C9F96D2279E59B3007F0A5A /* planeflash1.png */ = {isa = PBXFileReference; lastKnownFileType = image.png; path = planeflash1.png; sourceTree = "<group>"; };
		2C9F96D3279E59B3007F0A5A /* ocean.gif */ = {isa = PBXFileReference; lastKnownFileType = image.gif; path = ocean.gif; sourceTree = "<group>"; };
		2C9F96D4279E59B3007F0A5A /* coin08.png */ = {isa = PBXFileReference; lastKnownFileType = image.png; path = coin08.png; sourceTree = "<group>"; };
		2C9F96D5279E59B3007F0A5A /* coin09.png */ = {isa = PBXFileReference; lastKnownFileType = image.png; path = coin09.png; sourceTree = "<group>"; };
		2C9F96D6279E59B3007F0A5A /* restartButton.png */ = {isa = PBXFileReference; lastKnownFileType = image.png; path = restartButton.png; sourceTree = "<group>"; };
		2C9F96D7279E59B3007F0A5A /* coin10.png */ = {isa = PBXFileReference; lastKnownFileType = image.png; path = coin10.png; sourceTree = "<group>"; };
		2C9F96D8279E59B3007F0A5A /* coin04.png */ = {isa = PBXFileReference; lastKnownFileType = image.png; path = coin04.png; sourceTree = "<group>"; };
		2C9F96D9279E59B3007F0A5A /* smallexplosion4.png */ = {isa = PBXFileReference; lastKnownFileType = image.png; path = smallexplosion4.png; sourceTree = "<group>"; };
		2C9F96DA279E59B3007F0A5A /* smallexplosion5.png */ = {isa = PBXFileReference; lastKnownFileType = image.png; path = smallexplosion5.png; sourceTree = "<group>"; };
		2C9F96DB279E59B3007F0A5A /* coin05.png */ = {isa = PBXFileReference; lastKnownFileType = image.png; path = coin05.png; sourceTree = "<group>"; };
		2C9F96DC279E59B3007F0A5A /* coin07.png */ = {isa = PBXFileReference; lastKnownFileType = image.png; path = coin07.png; sourceTree = "<group>"; };
		2C9F96DD279E59B3007F0A5A /* smallexplosion6.png */ = {isa = PBXFileReference; lastKnownFileType = image.png; path = smallexplosion6.png; sourceTree = "<group>"; };
		2C9F96DE279E59B3007F0A5A /* coin06.png */ = {isa = PBXFileReference; lastKnownFileType = image.png; path = coin06.png; sourceTree = "<group>"; };
		2C9F96DF279E59B3007F0A5A /* cloud.png */ = {isa = PBXFileReference; lastKnownFileType = image.png; path = cloud.png; sourceTree = "<group>"; };
		2C9F96E0279E59B3007F0A5A /* coin02.png */ = {isa = PBXFileReference; lastKnownFileType = image.png; path = coin02.png; sourceTree = "<group>"; };
		2C9F96E1279E59B3007F0A5A /* smallexplosion2.png */ = {isa = PBXFileReference; lastKnownFileType = image.png; path = smallexplosion2.png; sourceTree = "<group>"; };
		2C9F96E2279E59B3007F0A5A /* smallexplosion3.png */ = {isa = PBXFileReference; lastKnownFileType = image.png; path = smallexplosion3.png; sourceTree = "<group>"; };
		2C9F96E3279E59B3007F0A5A /* coin03.png */ = {isa = PBXFileReference; lastKnownFileType = image.png; path = coin03.png; sourceTree = "<group>"; };
		2C9F96E4279E59B3007F0A5A /* coin01.png */ = {isa = PBXFileReference; lastKnownFileType = image.png; path = coin01.png; sourceTree = "<group>"; };
		2C9F96E5279E59B3007F0A5A /* smallexplosion1.png */ = {isa = PBXFileReference; lastKnownFileType = image.png; path = smallexplosion1.png; sourceTree = "<group>"; };
		2C9F96E6279E59B3007F0A5A /* nextButton.png */ = {isa = PBXFileReference; lastKnownFileType = image.png; path = nextButton.png; sourceTree = "<group>"; };
		2C9F96E7279E59B3007F0A5A /* explosion1.png */ = {isa = PBXFileReference; lastKnownFileType = image.png; path = explosion1.png; sourceTree = "<group>"; };
		2C9F96E8279E59B3007F0A5A /* enemy1.png */ = {isa = PBXFileReference; lastKnownFileType = image.png; path = enemy1.png; sourceTree = "<group>"; };
		2C9F96E9279E59B3007F0A5A /* explosion2.png */ = {isa = PBXFileReference; lastKnownFileType = image.png; path = explosion2.png; sourceTree = "<group>"; };
		2C9F96EA279E59B3007F0A5A /* enemy3.png */ = {isa = PBXFileReference; lastKnownFileType = image.png; path = enemy3.png; sourceTree = "<group>"; };
		2C9F96EB279E59B3007F0A5A /* enemy2.png */ = {isa = PBXFileReference; lastKnownFileType = image.png; path = enemy2.png; sourceTree = "<group>"; };
		2C9F96EC279E59B3007F0A5A /* ocean.png */ = {isa = PBXFileReference; lastKnownFileType = image.png; path = ocean.png; sourceTree = "<group>"; };
		2C9F96ED279E59B3007F0A5A /* explosion3.png */ = {isa = PBXFileReference; lastKnownFileType = image.png; path = explosion3.png; sourceTree = "<group>"; };
		2C9F96EE279E59B3007F0A5A /* explosion7.png */ = {isa = PBXFileReference; lastKnownFileType = image.png; path = explosion7.png; sourceTree = "<group>"; };
		2C9F96EF279E59B3007F0A5A /* startButton.png */ = {isa = PBXFileReference; lastKnownFileType = image.png; path = startButton.png; sourceTree = "<group>"; };
		2C9F96F0279E59B3007F0A5A /* explosion6.png */ = {isa = PBXFileReference; lastKnownFileType = image.png; path = explosion6.png; sourceTree = "<group>"; };
		2C9F96F1279E59B3007F0A5A /* explosion4.png */ = {isa = PBXFileReference; lastKnownFileType = image.png; path = explosion4.png; sourceTree = "<group>"; };
		2C9F96F2279E59B3007F0A5A /* explosion5.png */ = {isa = PBXFileReference; lastKnownFileType = image.png; path = explosion5.png; sourceTree = "<group>"; };
		2C9F96F4279E59B3007F0A5A /* life.wav */ = {isa = PBXFileReference; lastKnownFileType = audio.wav; path = life.wav; sourceTree = "<group>"; };
		2C9F96F5279E59B3007F0A5A /* explosion.mp3 */ = {isa = PBXFileReference; lastKnownFileType = audio.mp3; path = explosion.mp3; sourceTree = "<group>"; };
		2C9F96F9279E59B3007F0A5A /* coin.wav */ = {isa = PBXFileReference; lastKnownFileType = audio.wav; path = coin.wav; sourceTree = "<group>"; };
		2C9F96FA279E59B3007F0A5A /* bullet.mp3 */ = {isa = PBXFileReference; lastKnownFileType = audio.mp3; path = bullet.mp3; sourceTree = "<group>"; };
		2C9F96FC279E59B3007F0A5A /* textureAtlas.png */ = {isa = PBXFileReference; lastKnownFileType = image.png; path = textureAtlas.png; sourceTree = "<group>"; };
		2C9F96FD279E59B3007F0A5A /* textureAtlas.json */ = {isa = PBXFileReference; lastKnownFileType = text.json; path = textureAtlas.json; sourceTree = "<group>"; };
		2C9F96FE279E59B3007F0A5A /* MailPilotDemoProject.tps */ = {isa = PBXFileReference; lastKnownFileType = text.xml; path = MailPilotDemoProject.tps; sourceTree = "<group>"; };
		2C9F9700279E59B3007F0A5A /* dock51.woff */ = {isa = PBXFileReference; lastKnownFileType = file; path = dock51.woff; sourceTree = "<group>"; };
		2C9F9701279E59B3007F0A5A /* dock51.woff2 */ = {isa = PBXFileReference; lastKnownFileType = file; path = dock51.woff2; sourceTree = "<group>"; };
		2C9F9702279E59B3007F0A5A /* Dock51.ttf */ = {isa = PBXFileReference; lastKnownFileType = file; path = Dock51.ttf; sourceTree = "<group>"; };
		2C9F9742279E603E007F0A5A /* Plane.swift */ = {isa = PBXFileReference; fileEncoding = 4; lastKnownFileType = sourcecode.swift; path = Plane.swift; sourceTree = "<group>"; };
		2C9F9744279E614E007F0A5A /* Ocean.swift */ = {isa = PBXFileReference; fileEncoding = 4; lastKnownFileType = sourcecode.swift; path = Ocean.swift; sourceTree = "<group>"; };
/* End PBXFileReference section */

/* Begin PBXFrameworksBuildPhase section */
		2C0674FE279DBDD90027BC55 /* Frameworks */ = {
			isa = PBXFrameworksBuildPhase;
			buildActionMask = 2147483647;
			files = (
			);
			runOnlyForDeploymentPostprocessing = 0;
		};
		2C067517279DBDDB0027BC55 /* Frameworks */ = {
			isa = PBXFrameworksBuildPhase;
			buildActionMask = 2147483647;
			files = (
			);
			runOnlyForDeploymentPostprocessing = 0;
		};
		2C067521279DBDDB0027BC55 /* Frameworks */ = {
			isa = PBXFrameworksBuildPhase;
			buildActionMask = 2147483647;
			files = (
			);
			runOnlyForDeploymentPostprocessing = 0;
		};
/* End PBXFrameworksBuildPhase section */

/* Begin PBXGroup section */
		2C0674F8279DBDD80027BC55 = {
			isa = PBXGroup;
			children = (
				2C067503279DBDD90027BC55 /* MAPD724-W2022-ICE3-Keshav-Dulal */,
				2C067502279DBDD90027BC55 /* Products */,
			);
			sourceTree = "<group>";
		};
		2C067502279DBDD90027BC55 /* Products */ = {
			isa = PBXGroup;
			children = (
				2C067501279DBDD90027BC55 /* MAPD724-W2022-ICE3-Keshav-Dulal.app */,
				2C06751A279DBDDB0027BC55 /* MAPD724-W2022-ICE3-Keshav-DulalTests.xctest */,
				2C067524279DBDDB0027BC55 /* MAPD724-W2022-ICE3-Keshav-DulalUITests.xctest */,
			);
			name = Products;
			sourceTree = "<group>";
		};
		2C067503279DBDD90027BC55 /* MAPD724-W2022-ICE3-Keshav-Dulal */ = {
			isa = PBXGroup;
			children = (
				2C3A5B5E27AE98DF00E1FC4B /* Managers */,
				2C9F973F279E5DCD007F0A5A /* GameObjects */,
				2C067537279DBE260027BC55 /* Core */,
				2C9F96C7279E59B3007F0A5A /* Assets */,
				2C067504279DBDD90027BC55 /* AppDelegate.swift */,
				2C067506279DBDD90027BC55 /* GameScene.sks */,
				2C067508279DBDD90027BC55 /* Actions.sks */,
				2C06750A279DBDD90027BC55 /* GameScene.swift */,
				2C06750C279DBDD90027BC55 /* GameViewController.swift */,
				2C06750E279DBDD90027BC55 /* Main.storyboard */,
				2C067511279DBDDB0027BC55 /* Assets.xcassets */,
				2C067513279DBDDB0027BC55 /* LaunchScreen.storyboard */,
			);
			path = "MAPD724-W2022-ICE3-Keshav-Dulal";
			sourceTree = "<group>";
		};
		2C067537279DBE260027BC55 /* Core */ = {
			isa = PBXGroup;
			children = (
				2C067538279DBE720027BC55 /* GameObject.swift */,
				2C06753A279DBED10027BC55 /* GameProtocol.swift */,
			);
			path = Core;
			sourceTree = "<group>";
		};
		2C3A5B5E27AE98DF00E1FC4B /* Managers */ = {
			isa = PBXGroup;
			children = (
				2C3A5B5F27AE98FB00E1FC4B /* CollisionManager.swift */,
			);
			path = Managers;
			sourceTree = "<group>";
		};
		2C9F96C7279E59B3007F0A5A /* Assets */ = {
			isa = PBXGroup;
			children = (
				2C9F96C8279E59B3007F0A5A /* images */,
				2C9F96F3279E59B3007F0A5A /* audio */,
				2C9F96FB279E59B3007F0A5A /* sprites */,
				2C9F96FF279E59B3007F0A5A /* fonts */,
			);
			path = Assets;
			sourceTree = "<group>";
		};
		2C9F96C8279E59B3007F0A5A /* images */ = {
			isa = PBXGroup;
			children = (
				2C9F96C9279E59B3007F0A5A /* bullet.png */,
				2C9F96CA279E59B3007F0A5A /* plane3.png */,
				2C9F96CB279E59B3007F0A5A /* plane2.png */,
				2C9F96CC279E59B3007F0A5A /* plane1.png */,
				2C9F96CD279E59B3007F0A5A /* backButton.png */,
				2C9F96CE279E59B3007F0A5A /* plane.png */,
				2C9F96CF279E59B3007F0A5A /* island.png */,
				2C9F96D0279E59B3007F0A5A /* planeflash2.png */,
				2C9F96D1279E59B3007F0A5A /* clickMeButton.png */,
				2C9F96D2279E59B3007F0A5A /* planeflash1.png */,
				2C9F96D3279E59B3007F0A5A /* ocean.gif */,
				2C9F96D4279E59B3007F0A5A /* coin08.png */,
				2C9F96D5279E59B3007F0A5A /* coin09.png */,
				2C9F96D6279E59B3007F0A5A /* restartButton.png */,
				2C9F96D7279E59B3007F0A5A /* coin10.png */,
				2C9F96D8279E59B3007F0A5A /* coin04.png */,
				2C9F96D9279E59B3007F0A5A /* smallexplosion4.png */,
				2C9F96DA279E59B3007F0A5A /* smallexplosion5.png */,
				2C9F96DB279E59B3007F0A5A /* coin05.png */,
				2C9F96DC279E59B3007F0A5A /* coin07.png */,
				2C9F96DD279E59B3007F0A5A /* smallexplosion6.png */,
				2C9F96DE279E59B3007F0A5A /* coin06.png */,
				2C9F96DF279E59B3007F0A5A /* cloud.png */,
				2C9F96E0279E59B3007F0A5A /* coin02.png */,
				2C9F96E1279E59B3007F0A5A /* smallexplosion2.png */,
				2C9F96E2279E59B3007F0A5A /* smallexplosion3.png */,
				2C9F96E3279E59B3007F0A5A /* coin03.png */,
				2C9F96E4279E59B3007F0A5A /* coin01.png */,
				2C9F96E5279E59B3007F0A5A /* smallexplosion1.png */,
				2C9F96E6279E59B3007F0A5A /* nextButton.png */,
				2C9F96E7279E59B3007F0A5A /* explosion1.png */,
				2C9F96E8279E59B3007F0A5A /* enemy1.png */,
				2C9F96E9279E59B3007F0A5A /* explosion2.png */,
				2C9F96EA279E59B3007F0A5A /* enemy3.png */,
				2C9F96EB279E59B3007F0A5A /* enemy2.png */,
				2C9F96EC279E59B3007F0A5A /* ocean.png */,
				2C9F96ED279E59B3007F0A5A /* explosion3.png */,
				2C9F96EE279E59B3007F0A5A /* explosion7.png */,
				2C9F96EF279E59B3007F0A5A /* startButton.png */,
				2C9F96F0279E59B3007F0A5A /* explosion6.png */,
				2C9F96F1279E59B3007F0A5A /* explosion4.png */,
				2C9F96F2279E59B3007F0A5A /* explosion5.png */,
			);
			path = images;
			sourceTree = "<group>";
		};
		2C9F96F3279E59B3007F0A5A /* audio */ = {
			isa = PBXGroup;
			children = (
				2C9F96F4279E59B3007F0A5A /* life.wav */,
				2C9F96F5279E59B3007F0A5A /* explosion.mp3 */,
				2C3A5B6327AE9F2D00E1FC4B /* yay.mp3 */,
				2C3A5B6527AE9F3300E1FC4B /* thunder.mp3 */,
				2C3A5B6127AE9EC900E1FC4B /* engine.mp3 */,
				2C9F96F9279E59B3007F0A5A /* coin.wav */,
				2C9F96FA279E59B3007F0A5A /* bullet.mp3 */,
			);
			path = audio;
			sourceTree = "<group>";
		};
		2C9F96FB279E59B3007F0A5A /* sprites */ = {
			isa = PBXGroup;
			children = (
				2C9F96FC279E59B3007F0A5A /* textureAtlas.png */,
				2C9F96FD279E59B3007F0A5A /* textureAtlas.json */,
				2C9F96FE279E59B3007F0A5A /* MailPilotDemoProject.tps */,
			);
			path = sprites;
			sourceTree = "<group>";
		};
		2C9F96FF279E59B3007F0A5A /* fonts */ = {
			isa = PBXGroup;
			children = (
				2C9F9700279E59B3007F0A5A /* dock51.woff */,
				2C9F9701279E59B3007F0A5A /* dock51.woff2 */,
				2C9F9702279E59B3007F0A5A /* Dock51.ttf */,
			);
			path = fonts;
			sourceTree = "<group>";
		};
		2C9F973F279E5DCD007F0A5A /* GameObjects */ = {
			isa = PBXGroup;
			children = (
				2C9F9744279E614E007F0A5A /* Ocean.swift */,
				2C9F9742279E603E007F0A5A /* Plane.swift */,
				2C3A5B5A27AE873E00E1FC4B /* Island.swift */,
				2C3A5B5C27AE8ECF00E1FC4B /* Cloud.swift */,
			);
			path = GameObjects;
			sourceTree = "<group>";
		};
/* End PBXGroup section */

/* Begin PBXNativeTarget section */
		2C067500279DBDD90027BC55 /* MAPD724-W2022-ICE3-Keshav-Dulal */ = {
			isa = PBXNativeTarget;
			buildConfigurationList = 2C06752E279DBDDB0027BC55 /* Build configuration list for PBXNativeTarget "MAPD724-W2022-ICE3-Keshav-Dulal" */;
			buildPhases = (
				2C0674FD279DBDD90027BC55 /* Sources */,
				2C0674FE279DBDD90027BC55 /* Frameworks */,
				2C0674FF279DBDD90027BC55 /* Resources */,
			);
			buildRules = (
			);
			dependencies = (
			);
			name = "MAPD724-W2022-ICE3-Keshav-Dulal";
			productName = "MAPD724-W2022-ICE1-Keshav-Dulal";
			productReference = 2C067501279DBDD90027BC55 /* MAPD724-W2022-ICE3-Keshav-Dulal.app */;
			productType = "com.apple.product-type.application";
		};
		2C067519279DBDDB0027BC55 /* MAPD724-W2022-ICE3-Keshav-DulalTests */ = {
			isa = PBXNativeTarget;
			buildConfigurationList = 2C067531279DBDDB0027BC55 /* Build configuration list for PBXNativeTarget "MAPD724-W2022-ICE3-Keshav-DulalTests" */;
			buildPhases = (
				2C067516279DBDDB0027BC55 /* Sources */,
				2C067517279DBDDB0027BC55 /* Frameworks */,
				2C067518279DBDDB0027BC55 /* Resources */,
			);
			buildRules = (
			);
			dependencies = (
				2C06751C279DBDDB0027BC55 /* PBXTargetDependency */,
			);
			name = "MAPD724-W2022-ICE3-Keshav-DulalTests";
			productName = "MAPD724-W2022-ICE1-Keshav-DulalTests";
			productReference = 2C06751A279DBDDB0027BC55 /* MAPD724-W2022-ICE3-Keshav-DulalTests.xctest */;
			productType = "com.apple.product-type.bundle.unit-test";
		};
		2C067523279DBDDB0027BC55 /* MAPD724-W2022-ICE3-Keshav-DulalUITests */ = {
			isa = PBXNativeTarget;
			buildConfigurationList = 2C067534279DBDDB0027BC55 /* Build configuration list for PBXNativeTarget "MAPD724-W2022-ICE3-Keshav-DulalUITests" */;
			buildPhases = (
				2C067520279DBDDB0027BC55 /* Sources */,
				2C067521279DBDDB0027BC55 /* Frameworks */,
				2C067522279DBDDB0027BC55 /* Resources */,
			);
			buildRules = (
			);
			dependencies = (
				2C067526279DBDDB0027BC55 /* PBXTargetDependency */,
			);
			name = "MAPD724-W2022-ICE3-Keshav-DulalUITests";
			productName = "MAPD724-W2022-ICE1-Keshav-DulalUITests";
			productReference = 2C067524279DBDDB0027BC55 /* MAPD724-W2022-ICE3-Keshav-DulalUITests.xctest */;
			productType = "com.apple.product-type.bundle.ui-testing";
		};
/* End PBXNativeTarget section */

/* Begin PBXProject section */
		2C0674F9279DBDD80027BC55 /* Project object */ = {
			isa = PBXProject;
			attributes = {
				BuildIndependentTargetsInParallel = 1;
				LastSwiftUpdateCheck = 1310;
				LastUpgradeCheck = 1310;
				TargetAttributes = {
					2C067500279DBDD90027BC55 = {
						CreatedOnToolsVersion = 13.1;
					};
					2C067519279DBDDB0027BC55 = {
						CreatedOnToolsVersion = 13.1;
						TestTargetID = 2C067500279DBDD90027BC55;
					};
					2C067523279DBDDB0027BC55 = {
						CreatedOnToolsVersion = 13.1;
						TestTargetID = 2C067500279DBDD90027BC55;
					};
				};
			};
			buildConfigurationList = 2C0674FC279DBDD80027BC55 /* Build configuration list for PBXProject "MAPD724-W2022-ICE3-Keshav-Dulal" */;
			compatibilityVersion = "Xcode 13.0";
			developmentRegion = en;
			hasScannedForEncodings = 0;
			knownRegions = (
				en,
				Base,
			);
			mainGroup = 2C0674F8279DBDD80027BC55;
			productRefGroup = 2C067502279DBDD90027BC55 /* Products */;
			projectDirPath = "";
			projectRoot = "";
			targets = (
				2C067500279DBDD90027BC55 /* MAPD724-W2022-ICE3-Keshav-Dulal */,
				2C067519279DBDDB0027BC55 /* MAPD724-W2022-ICE3-Keshav-DulalTests */,
				2C067523279DBDDB0027BC55 /* MAPD724-W2022-ICE3-Keshav-DulalUITests */,
			);
		};
/* End PBXProject section */

/* Begin PBXResourcesBuildPhase section */
		2C0674FF279DBDD90027BC55 /* Resources */ = {
			isa = PBXResourcesBuildPhase;
			buildActionMask = 2147483647;
			files = (
				2C067510279DBDD90027BC55 /* Main.storyboard in Resources */,
				2C067507279DBDD90027BC55 /* GameScene.sks in Resources */,
				2C3A5B6427AE9F2D00E1FC4B /* yay.mp3 in Resources */,
				2C3A5B6627AE9F3300E1FC4B /* thunder.mp3 in Resources */,
				2C067512279DBDDB0027BC55 /* Assets.xcassets in Resources */,
				2C067515279DBDDB0027BC55 /* LaunchScreen.storyboard in Resources */,
				2C3A5B6227AE9EC900E1FC4B /* engine.mp3 in Resources */,
				2C067509279DBDD90027BC55 /* Actions.sks in Resources */,
			);
			runOnlyForDeploymentPostprocessing = 0;
		};
		2C067518279DBDDB0027BC55 /* Resources */ = {
			isa = PBXResourcesBuildPhase;
			buildActionMask = 2147483647;
			files = (
			);
			runOnlyForDeploymentPostprocessing = 0;
		};
		2C067522279DBDDB0027BC55 /* Resources */ = {
			isa = PBXResourcesBuildPhase;
			buildActionMask = 2147483647;
			files = (
			);
			runOnlyForDeploymentPostprocessing = 0;
		};
/* End PBXResourcesBuildPhase section */

/* Begin PBXSourcesBuildPhase section */
		2C0674FD279DBDD90027BC55 /* Sources */ = {
			isa = PBXSourcesBuildPhase;
			buildActionMask = 2147483647;
			files = (
				2C9F9745279E614E007F0A5A /* Ocean.swift in Sources */,
				2C3A5B5D27AE8ECF00E1FC4B /* Cloud.swift in Sources */,
				2C3A5B6027AE98FB00E1FC4B /* CollisionManager.swift in Sources */,
				2C067539279DBE720027BC55 /* GameObject.swift in Sources */,
				2C3A5B5B27AE873E00E1FC4B /* Island.swift in Sources */,
				2C06753B279DBED10027BC55 /* GameProtocol.swift in Sources */,
				2C06750B279DBDD90027BC55 /* GameScene.swift in Sources */,
				2C06750D279DBDD90027BC55 /* GameViewController.swift in Sources */,
				2C9F9743279E603E007F0A5A /* Plane.swift in Sources */,
				2C067505279DBDD90027BC55 /* AppDelegate.swift in Sources */,
			);
			runOnlyForDeploymentPostprocessing = 0;
		};
		2C067516279DBDDB0027BC55 /* Sources */ = {
			isa = PBXSourcesBuildPhase;
			buildActionMask = 2147483647;
			files = (
			);
			runOnlyForDeploymentPostprocessing = 0;
		};
		2C067520279DBDDB0027BC55 /* Sources */ = {
			isa = PBXSourcesBuildPhase;
			buildActionMask = 2147483647;
			files = (
			);
			runOnlyForDeploymentPostprocessing = 0;
		};
/* End PBXSourcesBuildPhase section */

/* Begin PBXTargetDependency section */
		2C06751C279DBDDB0027BC55 /* PBXTargetDependency */ = {
			isa = PBXTargetDependency;
			target = 2C067500279DBDD90027BC55 /* MAPD724-W2022-ICE3-Keshav-Dulal */;
			targetProxy = 2C06751B279DBDDB0027BC55 /* PBXContainerItemProxy */;
		};
		2C067526279DBDDB0027BC55 /* PBXTargetDependency */ = {
			isa = PBXTargetDependency;
			target = 2C067500279DBDD90027BC55 /* MAPD724-W2022-ICE3-Keshav-Dulal */;
			targetProxy = 2C067525279DBDDB0027BC55 /* PBXContainerItemProxy */;
		};
/* End PBXTargetDependency section */

/* Begin PBXVariantGroup section */
		2C06750E279DBDD90027BC55 /* Main.storyboard */ = {
			isa = PBXVariantGroup;
			children = (
				2C06750F279DBDD90027BC55 /* Base */,
			);
			name = Main.storyboard;
			sourceTree = "<group>";
		};
		2C067513279DBDDB0027BC55 /* LaunchScreen.storyboard */ = {
			isa = PBXVariantGroup;
			children = (
				2C067514279DBDDB0027BC55 /* Base */,
			);
			name = LaunchScreen.storyboard;
			sourceTree = "<group>";
		};
/* End PBXVariantGroup section */

/* Begin XCBuildConfiguration section */
		2C06752C279DBDDB0027BC55 /* Debug */ = {
			isa = XCBuildConfiguration;
			buildSettings = {
				ALWAYS_SEARCH_USER_PATHS = NO;
				CLANG_ANALYZER_NONNULL = YES;
				CLANG_ANALYZER_NUMBER_OBJECT_CONVERSION = YES_AGGRESSIVE;
				CLANG_CXX_LANGUAGE_STANDARD = "gnu++17";
				CLANG_CXX_LIBRARY = "libc++";
				CLANG_ENABLE_MODULES = YES;
				CLANG_ENABLE_OBJC_ARC = YES;
				CLANG_ENABLE_OBJC_WEAK = YES;
				CLANG_WARN_BLOCK_CAPTURE_AUTORELEASING = YES;
				CLANG_WARN_BOOL_CONVERSION = YES;
				CLANG_WARN_COMMA = YES;
				CLANG_WARN_CONSTANT_CONVERSION = YES;
				CLANG_WARN_DEPRECATED_OBJC_IMPLEMENTATIONS = YES;
				CLANG_WARN_DIRECT_OBJC_ISA_USAGE = YES_ERROR;
				CLANG_WARN_DOCUMENTATION_COMMENTS = YES;
				CLANG_WARN_EMPTY_BODY = YES;
				CLANG_WARN_ENUM_CONVERSION = YES;
				CLANG_WARN_INFINITE_RECURSION = YES;
				CLANG_WARN_INT_CONVERSION = YES;
				CLANG_WARN_NON_LITERAL_NULL_CONVERSION = YES;
				CLANG_WARN_OBJC_IMPLICIT_RETAIN_SELF = YES;
				CLANG_WARN_OBJC_LITERAL_CONVERSION = YES;
				CLANG_WARN_OBJC_ROOT_CLASS = YES_ERROR;
				CLANG_WARN_QUOTED_INCLUDE_IN_FRAMEWORK_HEADER = YES;
				CLANG_WARN_RANGE_LOOP_ANALYSIS = YES;
				CLANG_WARN_STRICT_PROTOTYPES = YES;
				CLANG_WARN_SUSPICIOUS_MOVE = YES;
				CLANG_WARN_UNGUARDED_AVAILABILITY = YES_AGGRESSIVE;
				CLANG_WARN_UNREACHABLE_CODE = YES;
				CLANG_WARN__DUPLICATE_METHOD_MATCH = YES;
				COPY_PHASE_STRIP = NO;
				DEBUG_INFORMATION_FORMAT = dwarf;
				ENABLE_STRICT_OBJC_MSGSEND = YES;
				ENABLE_TESTABILITY = YES;
				GCC_C_LANGUAGE_STANDARD = gnu11;
				GCC_DYNAMIC_NO_PIC = NO;
				GCC_NO_COMMON_BLOCKS = YES;
				GCC_OPTIMIZATION_LEVEL = 0;
				GCC_PREPROCESSOR_DEFINITIONS = (
					"DEBUG=1",
					"$(inherited)",
				);
				GCC_WARN_64_TO_32_BIT_CONVERSION = YES;
				GCC_WARN_ABOUT_RETURN_TYPE = YES_ERROR;
				GCC_WARN_UNDECLARED_SELECTOR = YES;
				GCC_WARN_UNINITIALIZED_AUTOS = YES_AGGRESSIVE;
				GCC_WARN_UNUSED_FUNCTION = YES;
				GCC_WARN_UNUSED_VARIABLE = YES;
				IPHONEOS_DEPLOYMENT_TARGET = 15.0;
				MTL_ENABLE_DEBUG_INFO = INCLUDE_SOURCE;
				MTL_FAST_MATH = YES;
				ONLY_ACTIVE_ARCH = YES;
				SDKROOT = iphoneos;
				SWIFT_ACTIVE_COMPILATION_CONDITIONS = DEBUG;
				SWIFT_OPTIMIZATION_LEVEL = "-Onone";
			};
			name = Debug;
		};
		2C06752D279DBDDB0027BC55 /* Release */ = {
			isa = XCBuildConfiguration;
			buildSettings = {
				ALWAYS_SEARCH_USER_PATHS = NO;
				CLANG_ANALYZER_NONNULL = YES;
				CLANG_ANALYZER_NUMBER_OBJECT_CONVERSION = YES_AGGRESSIVE;
				CLANG_CXX_LANGUAGE_STANDARD = "gnu++17";
				CLANG_CXX_LIBRARY = "libc++";
				CLANG_ENABLE_MODULES = YES;
				CLANG_ENABLE_OBJC_ARC = YES;
				CLANG_ENABLE_OBJC_WEAK = YES;
				CLANG_WARN_BLOCK_CAPTURE_AUTORELEASING = YES;
				CLANG_WARN_BOOL_CONVERSION = YES;
				CLANG_WARN_COMMA = YES;
				CLANG_WARN_CONSTANT_CONVERSION = YES;
				CLANG_WARN_DEPRECATED_OBJC_IMPLEMENTATIONS = YES;
				CLANG_WARN_DIRECT_OBJC_ISA_USAGE = YES_ERROR;
				CLANG_WARN_DOCUMENTATION_COMMENTS = YES;
				CLANG_WARN_EMPTY_BODY = YES;
				CLANG_WARN_ENUM_CONVERSION = YES;
				CLANG_WARN_INFINITE_RECURSION = YES;
				CLANG_WARN_INT_CONVERSION = YES;
				CLANG_WARN_NON_LITERAL_NULL_CONVERSION = YES;
				CLANG_WARN_OBJC_IMPLICIT_RETAIN_SELF = YES;
				CLANG_WARN_OBJC_LITERAL_CONVERSION = YES;
				CLANG_WARN_OBJC_ROOT_CLASS = YES_ERROR;
				CLANG_WARN_QUOTED_INCLUDE_IN_FRAMEWORK_HEADER = YES;
				CLANG_WARN_RANGE_LOOP_ANALYSIS = YES;
				CLANG_WARN_STRICT_PROTOTYPES = YES;
				CLANG_WARN_SUSPICIOUS_MOVE = YES;
				CLANG_WARN_UNGUARDED_AVAILABILITY = YES_AGGRESSIVE;
				CLANG_WARN_UNREACHABLE_CODE = YES;
				CLANG_WARN__DUPLICATE_METHOD_MATCH = YES;
				COPY_PHASE_STRIP = NO;
				DEBUG_INFORMATION_FORMAT = "dwarf-with-dsym";
				ENABLE_NS_ASSERTIONS = NO;
				ENABLE_STRICT_OBJC_MSGSEND = YES;
				GCC_C_LANGUAGE_STANDARD = gnu11;
				GCC_NO_COMMON_BLOCKS = YES;
				GCC_WARN_64_TO_32_BIT_CONVERSION = YES;
				GCC_WARN_ABOUT_RETURN_TYPE = YES_ERROR;
				GCC_WARN_UNDECLARED_SELECTOR = YES;
				GCC_WARN_UNINITIALIZED_AUTOS = YES_AGGRESSIVE;
				GCC_WARN_UNUSED_FUNCTION = YES;
				GCC_WARN_UNUSED_VARIABLE = YES;
				IPHONEOS_DEPLOYMENT_TARGET = 15.0;
				MTL_ENABLE_DEBUG_INFO = NO;
				MTL_FAST_MATH = YES;
				SDKROOT = iphoneos;
				SWIFT_COMPILATION_MODE = wholemodule;
				SWIFT_OPTIMIZATION_LEVEL = "-O";
				VALIDATE_PRODUCT = YES;
			};
			name = Release;
		};
		2C06752F279DBDDB0027BC55 /* Debug */ = {
			isa = XCBuildConfiguration;
			buildSettings = {
				ASSETCATALOG_COMPILER_GLOBAL_ACCENT_COLOR_NAME = AccentColor;
				ASSETCATALOG_COMPILER_INCLUDE_ALL_APPICON_ASSETS = NO;
				CODE_SIGN_STYLE = Automatic;
				CURRENT_PROJECT_VERSION = 1;
				GENERATE_INFOPLIST_FILE = YES;
				INFOPLIST_KEY_UIApplicationSupportsIndirectInputEvents = YES;
				INFOPLIST_KEY_UILaunchStoryboardName = LaunchScreen;
				INFOPLIST_KEY_UIMainStoryboardFile = Main;
				INFOPLIST_KEY_UIStatusBarHidden = YES;
				INFOPLIST_KEY_UISupportedInterfaceOrientations_iPad = "UIInterfaceOrientationPortrait UIInterfaceOrientationPortraitUpsideDown UIInterfaceOrientationLandscapeLeft UIInterfaceOrientationLandscapeRight";
				INFOPLIST_KEY_UISupportedInterfaceOrientations_iPhone = "UIInterfaceOrientationPortrait UIInterfaceOrientationLandscapeLeft UIInterfaceOrientationLandscapeRight";
				LD_RUNPATH_SEARCH_PATHS = (
					"$(inherited)",
					"@executable_path/Frameworks",
				);
				MARKETING_VERSION = 1.0;
				PRODUCT_BUNDLE_IDENTIFIER = "keshavdulal.MAPD724-W2022-ICE3-Keshav-Dulal";
				PRODUCT_NAME = "MAPD724-W2022-ICE3-Keshav-Dulal";
				SWIFT_EMIT_LOC_STRINGS = YES;
				SWIFT_VERSION = 5.0;
				TARGETED_DEVICE_FAMILY = "1,2";
			};
			name = Debug;
		};
		2C067530279DBDDB0027BC55 /* Release */ = {
			isa = XCBuildConfiguration;
			buildSettings = {
				ASSETCATALOG_COMPILER_GLOBAL_ACCENT_COLOR_NAME = AccentColor;
				ASSETCATALOG_COMPILER_INCLUDE_ALL_APPICON_ASSETS = NO;
				CODE_SIGN_STYLE = Automatic;
				CURRENT_PROJECT_VERSION = 1;
				GENERATE_INFOPLIST_FILE = YES;
				INFOPLIST_KEY_UIApplicationSupportsIndirectInputEvents = YES;
				INFOPLIST_KEY_UILaunchStoryboardName = LaunchScreen;
				INFOPLIST_KEY_UIMainStoryboardFile = Main;
				INFOPLIST_KEY_UIStatusBarHidden = YES;
				INFOPLIST_KEY_UISupportedInterfaceOrientations_iPad = "UIInterfaceOrientationPortrait UIInterfaceOrientationPortraitUpsideDown UIInterfaceOrientationLandscapeLeft UIInterfaceOrientationLandscapeRight";
				INFOPLIST_KEY_UISupportedInterfaceOrientations_iPhone = "UIInterfaceOrientationPortrait UIInterfaceOrientationLandscapeLeft UIInterfaceOrientationLandscapeRight";
				LD_RUNPATH_SEARCH_PATHS = (
					"$(inherited)",
					"@executable_path/Frameworks",
				);
				MARKETING_VERSION = 1.0;
				PRODUCT_BUNDLE_IDENTIFIER = "keshavdulal.MAPD724-W2022-ICE3-Keshav-Dulal";
				PRODUCT_NAME = "MAPD724-W2022-ICE3-Keshav-Dulal";
				SWIFT_EMIT_LOC_STRINGS = YES;
				SWIFT_VERSION = 5.0;
				TARGETED_DEVICE_FAMILY = "1,2";
			};
			name = Release;
		};
		2C067532279DBDDB0027BC55 /* Debug */ = {
			isa = XCBuildConfiguration;
			buildSettings = {
				ALWAYS_EMBED_SWIFT_STANDARD_LIBRARIES = YES;
				BUNDLE_LOADER = "$(TEST_HOST)";
				CODE_SIGN_STYLE = Automatic;
				CURRENT_PROJECT_VERSION = 1;
				GENERATE_INFOPLIST_FILE = YES;
				IPHONEOS_DEPLOYMENT_TARGET = 15.0;
				LD_RUNPATH_SEARCH_PATHS = (
					"$(inherited)",
					"@executable_path/Frameworks",
					"@loader_path/Frameworks",
				);
				MARKETING_VERSION = 1.0;
				PRODUCT_BUNDLE_IDENTIFIER = "keshavdulal.MAPD724-W2022-ICE1-Keshav-DulalTests";
				PRODUCT_NAME = "$(TARGET_NAME)";
				SWIFT_EMIT_LOC_STRINGS = NO;
				SWIFT_VERSION = 5.0;
				TARGETED_DEVICE_FAMILY = "1,2";
				TEST_HOST = "$(BUILT_PRODUCTS_DIR)/MAPD724-W2022-ICE3-Keshav-Dulal.app/MAPD724-W2022-ICE3-Keshav-Dulal";
			};
			name = Debug;
		};
		2C067533279DBDDB0027BC55 /* Release */ = {
			isa = XCBuildConfiguration;
			buildSettings = {
				ALWAYS_EMBED_SWIFT_STANDARD_LIBRARIES = YES;
				BUNDLE_LOADER = "$(TEST_HOST)";
				CODE_SIGN_STYLE = Automatic;
				CURRENT_PROJECT_VERSION = 1;
				GENERATE_INFOPLIST_FILE = YES;
				IPHONEOS_DEPLOYMENT_TARGET = 15.0;
				LD_RUNPATH_SEARCH_PATHS = (
					"$(inherited)",
					"@executable_path/Frameworks",
					"@loader_path/Frameworks",
				);
				MARKETING_VERSION = 1.0;
				PRODUCT_BUNDLE_IDENTIFIER = "keshavdulal.MAPD724-W2022-ICE1-Keshav-DulalTests";
				PRODUCT_NAME = "$(TARGET_NAME)";
				SWIFT_EMIT_LOC_STRINGS = NO;
				SWIFT_VERSION = 5.0;
				TARGETED_DEVICE_FAMILY = "1,2";
				TEST_HOST = "$(BUILT_PRODUCTS_DIR)/MAPD724-W2022-ICE3-Keshav-Dulal.app/MAPD724-W2022-ICE3-Keshav-Dulal";
			};
			name = Release;
		};
		2C067535279DBDDB0027BC55 /* Debug */ = {
			isa = XCBuildConfiguration;
			buildSettings = {
				ALWAYS_EMBED_SWIFT_STANDARD_LIBRARIES = YES;
				CODE_SIGN_STYLE = Automatic;
				CURRENT_PROJECT_VERSION = 1;
				GENERATE_INFOPLIST_FILE = YES;
				LD_RUNPATH_SEARCH_PATHS = (
					"$(inherited)",
					"@executable_path/Frameworks",
					"@loader_path/Frameworks",
				);
				MARKETING_VERSION = 1.0;
				PRODUCT_BUNDLE_IDENTIFIER = "keshavdulal.MAPD724-W2022-ICE1-Keshav-DulalUITests";
				PRODUCT_NAME = "$(TARGET_NAME)";
				SWIFT_EMIT_LOC_STRINGS = NO;
				SWIFT_VERSION = 5.0;
				TARGETED_DEVICE_FAMILY = "1,2";
				TEST_TARGET_NAME = "MAPD724-W2022-ICE1-Keshav-Dulal";
			};
			name = Debug;
		};
		2C067536279DBDDB0027BC55 /* Release */ = {
			isa = XCBuildConfiguration;
			buildSettings = {
				ALWAYS_EMBED_SWIFT_STANDARD_LIBRARIES = YES;
				CODE_SIGN_STYLE = Automatic;
				CURRENT_PROJECT_VERSION = 1;
				GENERATE_INFOPLIST_FILE = YES;
				LD_RUNPATH_SEARCH_PATHS = (
					"$(inherited)",
					"@executable_path/Frameworks",
					"@loader_path/Frameworks",
				);
				MARKETING_VERSION = 1.0;
				PRODUCT_BUNDLE_IDENTIFIER = "keshavdulal.MAPD724-W2022-ICE1-Keshav-DulalUITests";
				PRODUCT_NAME = "$(TARGET_NAME)";
				SWIFT_EMIT_LOC_STRINGS = NO;
				SWIFT_VERSION = 5.0;
				TARGETED_DEVICE_FAMILY = "1,2";
				TEST_TARGET_NAME = "MAPD724-W2022-ICE1-Keshav-Dulal";
			};
			name = Release;
		};
/* End XCBuildConfiguration section */

/* Begin XCConfigurationList section */
		2C0674FC279DBDD80027BC55 /* Build configuration list for PBXProject "MAPD724-W2022-ICE3-Keshav-Dulal" */ = {
			isa = XCConfigurationList;
			buildConfigurations = (
				2C06752C279DBDDB0027BC55 /* Debug */,
				2C06752D279DBDDB0027BC55 /* Release */,
			);
			defaultConfigurationIsVisible = 0;
			defaultConfigurationName = Release;
		};
		2C06752E279DBDDB0027BC55 /* Build configuration list for PBXNativeTarget "MAPD724-W2022-ICE3-Keshav-Dulal" */ = {
			isa = XCConfigurationList;
			buildConfigurations = (
				2C06752F279DBDDB0027BC55 /* Debug */,
				2C067530279DBDDB0027BC55 /* Release */,
			);
			defaultConfigurationIsVisible = 0;
			defaultConfigurationName = Release;
		};
		2C067531279DBDDB0027BC55 /* Build configuration list for PBXNativeTarget "MAPD724-W2022-ICE3-Keshav-DulalTests" */ = {
			isa = XCConfigurationList;
			buildConfigurations = (
				2C067532279DBDDB0027BC55 /* Debug */,
				2C067533279DBDDB0027BC55 /* Release */,
			);
			defaultConfigurationIsVisible = 0;
			defaultConfigurationName = Release;
		};
		2C067534279DBDDB0027BC55 /* Build configuration list for PBXNativeTarget "MAPD724-W2022-ICE3-Keshav-DulalUITests" */ = {
			isa = XCConfigurationList;
			buildConfigurations = (
				2C067535279DBDDB0027BC55 /* Debug */,
				2C067536279DBDDB0027BC55 /* Release */,
			);
			defaultConfigurationIsVisible = 0;
			defaultConfigurationName = Release;
		};
/* End XCConfigurationList section */
	};
	rootObject = 2C0674F9279DBDD80027BC55 /* Project object */;
}
